
Microsoft Visual Studio Solution File, Format Version 12.00
# Visual Studio 14
VisualStudioVersion = 14.0.25420.1
MinimumVisualStudioVersion = 10.0.40219.1
Project("{FAE04EC0-301F-11D3-BF4B-00C04F79EFBC}") = "MVVM", "MVVM\MVVM\MVVM.csproj", "{6995FE88-5459-4EAF-86B1-77E245B87E96}"
EndProject
Project("{FAE04EC0-301F-11D3-BF4B-00C04F79EFBC}") = "MVVM.Droid", "MVVM\MVVM.Droid\MVVM.Droid.csproj", "{4C9F5CA7-7B26-463F-A1A9-40DACC5EDD27}"
EndProject
Project("{FAE04EC0-301F-11D3-BF4B-00C04F79EFBC}") = "MVVM.iOS", "MVVM\MVVM.iOS\MVVM.iOS.csproj", "{71410CE8-2C3B-486B-9053-BFBE88811C4D}"
EndProject
Project("{FAE04EC0-301F-11D3-BF4B-00C04F79EFBC}") = "MVVM.WinPhone", "MVVM\MVVM.WinPhone\MVVM.WinPhone.csproj", "{B4BF59B8-C8CD-4396-8133-F40255C425F4}"
EndProject
Project("{FAE04EC0-301F-11D3-BF4B-00C04F79EFBC}") = "MVVM.UWP", "MVVM\MVVM.UWP\MVVM.UWP.csproj", "{175F5205-CAC1-4F28-A048-552CC07BA08B}"
EndProject
Project("{FAE04EC0-301F-11D3-BF4B-00C04F79EFBC}") = "MVVM.Windows", "MVVM\MVVM.Windows\MVVM.Windows.csproj", "{118DEB73-4F94-4A3C-869E-46FAD14F2E25}"
EndProject
Global
	GlobalSection(SolutionConfigurationPlatforms) = preSolution
		Ad-Hoc|Any CPU = Ad-Hoc|Any CPU
		Ad-Hoc|ARM = Ad-Hoc|ARM
		Ad-Hoc|iPhone = Ad-Hoc|iPhone
		Ad-Hoc|iPhoneSimulator = Ad-Hoc|iPhoneSimulator
		Ad-Hoc|x64 = Ad-Hoc|x64
		Ad-Hoc|x86 = Ad-Hoc|x86
		AppStore|Any CPU = AppStore|Any CPU
		AppStore|ARM = AppStore|ARM
		AppStore|iPhone = AppStore|iPhone
		AppStore|iPhoneSimulator = AppStore|iPhoneSimulator
		AppStore|x64 = AppStore|x64
		AppStore|x86 = AppStore|x86
		Debug|Any CPU = Debug|Any CPU
		Debug|ARM = Debug|ARM
		Debug|iPhone = Debug|iPhone
		Debug|iPhoneSimulator = Debug|iPhoneSimulator
		Debug|x64 = Debug|x64
		Debug|x86 = Debug|x86
		Release|Any CPU = Release|Any CPU
		Release|ARM = Release|ARM
		Release|iPhone = Release|iPhone
		Release|iPhoneSimulator = Release|iPhoneSimulator
		Release|x64 = Release|x64
		Release|x86 = Release|x86
	EndGlobalSection
	GlobalSection(ProjectConfigurationPlatforms) = postSolution
		{6995FE88-5459-4EAF-86B1-77E245B87E96}.Ad-Hoc|Any CPU.ActiveCfg = Release|Any CPU
		{6995FE88-5459-4EAF-86B1-77E245B87E96}.Ad-Hoc|Any CPU.Build.0 = Release|Any CPU
		{6995FE88-5459-4EAF-86B1-77E245B87E96}.Ad-Hoc|ARM.ActiveCfg = Release|Any CPU
		{6995FE88-5459-4EAF-86B1-77E245B87E96}.Ad-Hoc|ARM.Build.0 = Release|Any CPU
		{6995FE88-5459-4EAF-86B1-77E245B87E96}.Ad-Hoc|iPhone.ActiveCfg = Release|Any CPU
		{6995FE88-5459-4EAF-86B1-77E245B87E96}.Ad-Hoc|iPhone.Build.0 = Release|Any CPU
		{6995FE88-5459-4EAF-86B1-77E245B87E96}.Ad-Hoc|iPhoneSimulator.ActiveCfg = Release|Any CPU
		{6995FE88-5459-4EAF-86B1-77E245B87E96}.Ad-Hoc|iPhoneSimulator.Build.0 = Release|Any CPU
		{6995FE88-5459-4EAF-86B1-77E245B87E96}.Ad-Hoc|x64.ActiveCfg = Release|Any CPU
		{6995FE88-5459-4EAF-86B1-77E245B87E96}.Ad-Hoc|x64.Build.0 = Release|Any CPU
		{6995FE88-5459-4EAF-86B1-77E245B87E96}.Ad-Hoc|x86.ActiveCfg = Release|Any CPU
		{6995FE88-5459-4EAF-86B1-77E245B87E96}.Ad-Hoc|x86.Build.0 = Release|Any CPU
		{6995FE88-5459-4EAF-86B1-77E245B87E96}.AppStore|Any CPU.ActiveCfg = Release|Any CPU
		{6995FE88-5459-4EAF-86B1-77E245B87E96}.AppStore|Any CPU.Build.0 = Release|Any CPU
		{6995FE88-5459-4EAF-86B1-77E245B87E96}.AppStore|ARM.ActiveCfg = Release|Any CPU
		{6995FE88-5459-4EAF-86B1-77E245B87E96}.AppStore|ARM.Build.0 = Release|Any CPU
		{6995FE88-5459-4EAF-86B1-77E245B87E96}.AppStore|iPhone.ActiveCfg = Release|Any CPU
		{6995FE88-5459-4EAF-86B1-77E245B87E96}.AppStore|iPhone.Build.0 = Release|Any CPU
		{6995FE88-5459-4EAF-86B1-77E245B87E96}.AppStore|iPhoneSimulator.ActiveCfg = Release|Any CPU
		{6995FE88-5459-4EAF-86B1-77E245B87E96}.AppStore|iPhoneSimulator.Build.0 = Release|Any CPU
		{6995FE88-5459-4EAF-86B1-77E245B87E96}.AppStore|x64.ActiveCfg = Release|Any CPU
		{6995FE88-5459-4EAF-86B1-77E245B87E96}.AppStore|x64.Build.0 = Release|Any CPU
		{6995FE88-5459-4EAF-86B1-77E245B87E96}.AppStore|x86.ActiveCfg = Release|Any CPU
		{6995FE88-5459-4EAF-86B1-77E245B87E96}.AppStore|x86.Build.0 = Release|Any CPU
		{6995FE88-5459-4EAF-86B1-77E245B87E96}.Debug|Any CPU.ActiveCfg = Debug|Any CPU
		{6995FE88-5459-4EAF-86B1-77E245B87E96}.Debug|Any CPU.Build.0 = Debug|Any CPU
		{6995FE88-5459-4EAF-86B1-77E245B87E96}.Debug|ARM.ActiveCfg = Debug|Any CPU
		{6995FE88-5459-4EAF-86B1-77E245B87E96}.Debug|ARM.Build.0 = Debug|Any CPU
		{6995FE88-5459-4EAF-86B1-77E245B87E96}.Debug|iPhone.ActiveCfg = Debug|Any CPU
		{6995FE88-5459-4EAF-86B1-77E245B87E96}.Debug|iPhone.Build.0 = Debug|Any CPU
		{6995FE88-5459-4EAF-86B1-77E245B87E96}.Debug|iPhoneSimulator.ActiveCfg = Debug|Any CPU
		{6995FE88-5459-4EAF-86B1-77E245B87E96}.Debug|iPhoneSimulator.Build.0 = Debug|Any CPU
		{6995FE88-5459-4EAF-86B1-77E245B87E96}.Debug|x64.ActiveCfg = Debug|Any CPU
		{6995FE88-5459-4EAF-86B1-77E245B87E96}.Debug|x64.Build.0 = Debug|Any CPU
		{6995FE88-5459-4EAF-86B1-77E245B87E96}.Debug|x86.ActiveCfg = Debug|Any CPU
		{6995FE88-5459-4EAF-86B1-77E245B87E96}.Debug|x86.Build.0 = Debug|Any CPU
		{6995FE88-5459-4EAF-86B1-77E245B87E96}.Release|Any CPU.ActiveCfg = Release|Any CPU
		{6995FE88-5459-4EAF-86B1-77E245B87E96}.Release|Any CPU.Build.0 = Release|Any CPU
		{6995FE88-5459-4EAF-86B1-77E245B87E96}.Release|ARM.ActiveCfg = Release|Any CPU
		{6995FE88-5459-4EAF-86B1-77E245B87E96}.Release|ARM.Build.0 = Release|Any CPU
		{6995FE88-5459-4EAF-86B1-77E245B87E96}.Release|iPhone.ActiveCfg = Release|Any CPU
		{6995FE88-5459-4EAF-86B1-77E245B87E96}.Release|iPhone.Build.0 = Release|Any CPU
		{6995FE88-5459-4EAF-86B1-77E245B87E96}.Release|iPhoneSimulator.ActiveCfg = Release|Any CPU
		{6995FE88-5459-4EAF-86B1-77E245B87E96}.Release|iPhoneSimulator.Build.0 = Release|Any CPU
		{6995FE88-5459-4EAF-86B1-77E245B87E96}.Release|x64.ActiveCfg = Release|Any CPU
		{6995FE88-5459-4EAF-86B1-77E245B87E96}.Release|x64.Build.0 = Release|Any CPU
		{6995FE88-5459-4EAF-86B1-77E245B87E96}.Release|x86.ActiveCfg = Release|Any CPU
		{6995FE88-5459-4EAF-86B1-77E245B87E96}.Release|x86.Build.0 = Release|Any CPU
		{4C9F5CA7-7B26-463F-A1A9-40DACC5EDD27}.Ad-Hoc|Any CPU.ActiveCfg = Release|Any CPU
		{4C9F5CA7-7B26-463F-A1A9-40DACC5EDD27}.Ad-Hoc|Any CPU.Build.0 = Release|Any CPU
		{4C9F5CA7-7B26-463F-A1A9-40DACC5EDD27}.Ad-Hoc|Any CPU.Deploy.0 = Release|Any CPU
		{4C9F5CA7-7B26-463F-A1A9-40DACC5EDD27}.Ad-Hoc|ARM.ActiveCfg = Release|Any CPU
		{4C9F5CA7-7B26-463F-A1A9-40DACC5EDD27}.Ad-Hoc|ARM.Build.0 = Release|Any CPU
		{4C9F5CA7-7B26-463F-A1A9-40DACC5EDD27}.Ad-Hoc|ARM.Deploy.0 = Release|Any CPU
		{4C9F5CA7-7B26-463F-A1A9-40DACC5EDD27}.Ad-Hoc|iPhone.ActiveCfg = Release|Any CPU
		{4C9F5CA7-7B26-463F-A1A9-40DACC5EDD27}.Ad-Hoc|iPhone.Build.0 = Release|Any CPU
		{4C9F5CA7-7B26-463F-A1A9-40DACC5EDD27}.Ad-Hoc|iPhone.Deploy.0 = Release|Any CPU
		{4C9F5CA7-7B26-463F-A1A9-40DACC5EDD27}.Ad-Hoc|iPhoneSimulator.ActiveCfg = Release|Any CPU
		{4C9F5CA7-7B26-463F-A1A9-40DACC5EDD27}.Ad-Hoc|iPhoneSimulator.Build.0 = Release|Any CPU
		{4C9F5CA7-7B26-463F-A1A9-40DACC5EDD27}.Ad-Hoc|iPhoneSimulator.Deploy.0 = Release|Any CPU
		{4C9F5CA7-7B26-463F-A1A9-40DACC5EDD27}.Ad-Hoc|x64.ActiveCfg = Release|Any CPU
		{4C9F5CA7-7B26-463F-A1A9-40DACC5EDD27}.Ad-Hoc|x64.Build.0 = Release|Any CPU
		{4C9F5CA7-7B26-463F-A1A9-40DACC5EDD27}.Ad-Hoc|x64.Deploy.0 = Release|Any CPU
		{4C9F5CA7-7B26-463F-A1A9-40DACC5EDD27}.Ad-Hoc|x86.ActiveCfg = Release|Any CPU
		{4C9F5CA7-7B26-463F-A1A9-40DACC5EDD27}.Ad-Hoc|x86.Build.0 = Release|Any CPU
		{4C9F5CA7-7B26-463F-A1A9-40DACC5EDD27}.Ad-Hoc|x86.Deploy.0 = Release|Any CPU
		{4C9F5CA7-7B26-463F-A1A9-40DACC5EDD27}.AppStore|Any CPU.ActiveCfg = Release|Any CPU
		{4C9F5CA7-7B26-463F-A1A9-40DACC5EDD27}.AppStore|Any CPU.Build.0 = Release|Any CPU
		{4C9F5CA7-7B26-463F-A1A9-40DACC5EDD27}.AppStore|Any CPU.Deploy.0 = Release|Any CPU
		{4C9F5CA7-7B26-463F-A1A9-40DACC5EDD27}.AppStore|ARM.ActiveCfg = Release|Any CPU
		{4C9F5CA7-7B26-463F-A1A9-40DACC5EDD27}.AppStore|ARM.Build.0 = Release|Any CPU
		{4C9F5CA7-7B26-463F-A1A9-40DACC5EDD27}.AppStore|ARM.Deploy.0 = Release|Any CPU
		{4C9F5CA7-7B26-463F-A1A9-40DACC5EDD27}.AppStore|iPhone.ActiveCfg = Release|Any CPU
		{4C9F5CA7-7B26-463F-A1A9-40DACC5EDD27}.AppStore|iPhone.Build.0 = Release|Any CPU
		{4C9F5CA7-7B26-463F-A1A9-40DACC5EDD27}.AppStore|iPhone.Deploy.0 = Release|Any CPU
		{4C9F5CA7-7B26-463F-A1A9-40DACC5EDD27}.AppStore|iPhoneSimulator.ActiveCfg = Release|Any CPU
		{4C9F5CA7-7B26-463F-A1A9-40DACC5EDD27}.AppStore|iPhoneSimulator.Build.0 = Release|Any CPU
		{4C9F5CA7-7B26-463F-A1A9-40DACC5EDD27}.AppStore|iPhoneSimulator.Deploy.0 = Release|Any CPU
		{4C9F5CA7-7B26-463F-A1A9-40DACC5EDD27}.AppStore|x64.ActiveCfg = Release|Any CPU
		{4C9F5CA7-7B26-463F-A1A9-40DACC5EDD27}.AppStore|x64.Build.0 = Release|Any CPU
		{4C9F5CA7-7B26-463F-A1A9-40DACC5EDD27}.AppStore|x64.Deploy.0 = Release|Any CPU
		{4C9F5CA7-7B26-463F-A1A9-40DACC5EDD27}.AppStore|x86.ActiveCfg = Release|Any CPU
		{4C9F5CA7-7B26-463F-A1A9-40DACC5EDD27}.AppStore|x86.Build.0 = Release|Any CPU
		{4C9F5CA7-7B26-463F-A1A9-40DACC5EDD27}.AppStore|x86.Deploy.0 = Release|Any CPU
		{4C9F5CA7-7B26-463F-A1A9-40DACC5EDD27}.Debug|Any CPU.ActiveCfg = Debug|Any CPU
		{4C9F5CA7-7B26-463F-A1A9-40DACC5EDD27}.Debug|Any CPU.Build.0 = Debug|Any CPU
		{4C9F5CA7-7B26-463F-A1A9-40DACC5EDD27}.Debug|Any CPU.Deploy.0 = Debug|Any CPU
		{4C9F5CA7-7B26-463F-A1A9-40DACC5EDD27}.Debug|ARM.ActiveCfg = Debug|Any CPU
		{4C9F5CA7-7B26-463F-A1A9-40DACC5EDD27}.Debug|ARM.Build.0 = Debug|Any CPU
		{4C9F5CA7-7B26-463F-A1A9-40DACC5EDD27}.Debug|ARM.Deploy.0 = Debug|Any CPU
		{4C9F5CA7-7B26-463F-A1A9-40DACC5EDD27}.Debug|iPhone.ActiveCfg = Debug|Any CPU
		{4C9F5CA7-7B26-463F-A1A9-40DACC5EDD27}.Debug|iPhone.Build.0 = Debug|Any CPU
		{4C9F5CA7-7B26-463F-A1A9-40DACC5EDD27}.Debug|iPhone.Deploy.0 = Debug|Any CPU
		{4C9F5CA7-7B26-463F-A1A9-40DACC5EDD27}.Debug|iPhoneSimulator.ActiveCfg = Debug|Any CPU
		{4C9F5CA7-7B26-463F-A1A9-40DACC5EDD27}.Debug|iPhoneSimulator.Build.0 = Debug|Any CPU
		{4C9F5CA7-7B26-463F-A1A9-40DACC5EDD27}.Debug|iPhoneSimulator.Deploy.0 = Debug|Any CPU
		{4C9F5CA7-7B26-463F-A1A9-40DACC5EDD27}.Debug|x64.ActiveCfg = Debug|Any CPU
		{4C9F5CA7-7B26-463F-A1A9-40DACC5EDD27}.Debug|x64.Build.0 = Debug|Any CPU
		{4C9F5CA7-7B26-463F-A1A9-40DACC5EDD27}.Debug|x64.Deploy.0 = Debug|Any CPU
		{4C9F5CA7-7B26-463F-A1A9-40DACC5EDD27}.Debug|x86.ActiveCfg = Debug|Any CPU
		{4C9F5CA7-7B26-463F-A1A9-40DACC5EDD27}.Debug|x86.Build.0 = Debug|Any CPU
		{4C9F5CA7-7B26-463F-A1A9-40DACC5EDD27}.Debug|x86.Deploy.0 = Debug|Any CPU
		{4C9F5CA7-7B26-463F-A1A9-40DACC5EDD27}.Release|Any CPU.ActiveCfg = Release|Any CPU
		{4C9F5CA7-7B26-463F-A1A9-40DACC5EDD27}.Release|Any CPU.Build.0 = Release|Any CPU
		{4C9F5CA7-7B26-463F-A1A9-40DACC5EDD27}.Release|Any CPU.Deploy.0 = Release|Any CPU
		{4C9F5CA7-7B26-463F-A1A9-40DACC5EDD27}.Release|ARM.ActiveCfg = Release|Any CPU
		{4C9F5CA7-7B26-463F-A1A9-40DACC5EDD27}.Release|ARM.Build.0 = Release|Any CPU
		{4C9F5CA7-7B26-463F-A1A9-40DACC5EDD27}.Release|ARM.Deploy.0 = Release|Any CPU
		{4C9F5CA7-7B26-463F-A1A9-40DACC5EDD27}.Release|iPhone.ActiveCfg = Release|Any CPU
		{4C9F5CA7-7B26-463F-A1A9-40DACC5EDD27}.Release|iPhone.Build.0 = Release|Any CPU
		{4C9F5CA7-7B26-463F-A1A9-40DACC5EDD27}.Release|iPhone.Deploy.0 = Release|Any CPU
		{4C9F5CA7-7B26-463F-A1A9-40DACC5EDD27}.Release|iPhoneSimulator.ActiveCfg = Release|Any CPU
		{4C9F5CA7-7B26-463F-A1A9-40DACC5EDD27}.Release|iPhoneSimulator.Build.0 = Release|Any CPU
		{4C9F5CA7-7B26-463F-A1A9-40DACC5EDD27}.Release|iPhoneSimulator.Deploy.0 = Release|Any CPU
		{4C9F5CA7-7B26-463F-A1A9-40DACC5EDD27}.Release|x64.ActiveCfg = Release|Any CPU
		{4C9F5CA7-7B26-463F-A1A9-40DACC5EDD27}.Release|x64.Build.0 = Release|Any CPU
		{4C9F5CA7-7B26-463F-A1A9-40DACC5EDD27}.Release|x64.Deploy.0 = Release|Any CPU
		{4C9F5CA7-7B26-463F-A1A9-40DACC5EDD27}.Release|x86.ActiveCfg = Release|Any CPU
		{4C9F5CA7-7B26-463F-A1A9-40DACC5EDD27}.Release|x86.Build.0 = Release|Any CPU
		{4C9F5CA7-7B26-463F-A1A9-40DACC5EDD27}.Release|x86.Deploy.0 = Release|Any CPU
		{71410CE8-2C3B-486B-9053-BFBE88811C4D}.Ad-Hoc|Any CPU.ActiveCfg = Ad-Hoc|iPhone
		{71410CE8-2C3B-486B-9053-BFBE88811C4D}.Ad-Hoc|ARM.ActiveCfg = Ad-Hoc|iPhone
		{71410CE8-2C3B-486B-9053-BFBE88811C4D}.Ad-Hoc|iPhone.ActiveCfg = Ad-Hoc|iPhone
		{71410CE8-2C3B-486B-9053-BFBE88811C4D}.Ad-Hoc|iPhone.Build.0 = Ad-Hoc|iPhone
		{71410CE8-2C3B-486B-9053-BFBE88811C4D}.Ad-Hoc|iPhoneSimulator.ActiveCfg = Ad-Hoc|iPhoneSimulator
		{71410CE8-2C3B-486B-9053-BFBE88811C4D}.Ad-Hoc|iPhoneSimulator.Build.0 = Ad-Hoc|iPhoneSimulator
		{71410CE8-2C3B-486B-9053-BFBE88811C4D}.Ad-Hoc|x64.ActiveCfg = Ad-Hoc|iPhone
		{71410CE8-2C3B-486B-9053-BFBE88811C4D}.Ad-Hoc|x86.ActiveCfg = Ad-Hoc|iPhone
		{71410CE8-2C3B-486B-9053-BFBE88811C4D}.AppStore|Any CPU.ActiveCfg = AppStore|iPhone
		{71410CE8-2C3B-486B-9053-BFBE88811C4D}.AppStore|ARM.ActiveCfg = AppStore|iPhone
		{71410CE8-2C3B-486B-9053-BFBE88811C4D}.AppStore|iPhone.ActiveCfg = AppStore|iPhone
		{71410CE8-2C3B-486B-9053-BFBE88811C4D}.AppStore|iPhone.Build.0 = AppStore|iPhone
		{71410CE8-2C3B-486B-9053-BFBE88811C4D}.AppStore|iPhoneSimulator.ActiveCfg = AppStore|iPhoneSimulator
		{71410CE8-2C3B-486B-9053-BFBE88811C4D}.AppStore|iPhoneSimulator.Build.0 = AppStore|iPhoneSimulator
		{71410CE8-2C3B-486B-9053-BFBE88811C4D}.AppStore|x64.ActiveCfg = AppStore|iPhone
		{71410CE8-2C3B-486B-9053-BFBE88811C4D}.AppStore|x86.ActiveCfg = AppStore|iPhone
		{71410CE8-2C3B-486B-9053-BFBE88811C4D}.Debug|Any CPU.ActiveCfg = Debug|iPhone
		{71410CE8-2C3B-486B-9053-BFBE88811C4D}.Debug|ARM.ActiveCfg = Debug|iPhone
		{71410CE8-2C3B-486B-9053-BFBE88811C4D}.Debug|iPhone.ActiveCfg = Debug|iPhone
		{71410CE8-2C3B-486B-9053-BFBE88811C4D}.Debug|iPhoneSimulator.ActiveCfg = Debug|iPhoneSimulator
		{71410CE8-2C3B-486B-9053-BFBE88811C4D}.Debug|iPhoneSimulator.Build.0 = Debug|iPhoneSimulator
		{71410CE8-2C3B-486B-9053-BFBE88811C4D}.Debug|x64.ActiveCfg = Debug|iPhone
		{71410CE8-2C3B-486B-9053-BFBE88811C4D}.Debug|x86.ActiveCfg = Debug|iPhone
		{71410CE8-2C3B-486B-9053-BFBE88811C4D}.Release|Any CPU.ActiveCfg = Release|iPhone
		{71410CE8-2C3B-486B-9053-BFBE88811C4D}.Release|ARM.ActiveCfg = Release|iPhone
		{71410CE8-2C3B-486B-9053-BFBE88811C4D}.Release|iPhone.ActiveCfg = Release|iPhone
		{71410CE8-2C3B-486B-9053-BFBE88811C4D}.Release|iPhone.Build.0 = Release|iPhone
		{71410CE8-2C3B-486B-9053-BFBE88811C4D}.Release|iPhoneSimulator.ActiveCfg = Release|iPhoneSimulator
		{71410CE8-2C3B-486B-9053-BFBE88811C4D}.Release|iPhoneSimulator.Build.0 = Release|iPhoneSimulator
		{71410CE8-2C3B-486B-9053-BFBE88811C4D}.Release|x64.ActiveCfg = Release|iPhone
		{71410CE8-2C3B-486B-9053-BFBE88811C4D}.Release|x86.ActiveCfg = Release|iPhone
		{B4BF59B8-C8CD-4396-8133-F40255C425F4}.Ad-Hoc|Any CPU.ActiveCfg = Release|Any CPU
		{B4BF59B8-C8CD-4396-8133-F40255C425F4}.Ad-Hoc|Any CPU.Build.0 = Release|Any CPU
		{B4BF59B8-C8CD-4396-8133-F40255C425F4}.Ad-Hoc|Any CPU.Deploy.0 = Release|Any CPU
		{B4BF59B8-C8CD-4396-8133-F40255C425F4}.Ad-Hoc|ARM.ActiveCfg = Release|ARM
		{B4BF59B8-C8CD-4396-8133-F40255C425F4}.Ad-Hoc|ARM.Build.0 = Release|ARM
		{B4BF59B8-C8CD-4396-8133-F40255C425F4}.Ad-Hoc|ARM.Deploy.0 = Release|ARM
		{B4BF59B8-C8CD-4396-8133-F40255C425F4}.Ad-Hoc|iPhone.ActiveCfg = Release|Any CPU
		{B4BF59B8-C8CD-4396-8133-F40255C425F4}.Ad-Hoc|iPhone.Build.0 = Release|Any CPU
		{B4BF59B8-C8CD-4396-8133-F40255C425F4}.Ad-Hoc|iPhone.Deploy.0 = Release|Any CPU
		{B4BF59B8-C8CD-4396-8133-F40255C425F4}.Ad-Hoc|iPhoneSimulator.ActiveCfg = Release|Any CPU
		{B4BF59B8-C8CD-4396-8133-F40255C425F4}.Ad-Hoc|iPhoneSimulator.Build.0 = Release|Any CPU
		{B4BF59B8-C8CD-4396-8133-F40255C425F4}.Ad-Hoc|iPhoneSimulator.Deploy.0 = Release|Any CPU
		{B4BF59B8-C8CD-4396-8133-F40255C425F4}.Ad-Hoc|x64.ActiveCfg = Release|Any CPU
		{B4BF59B8-C8CD-4396-8133-F40255C425F4}.Ad-Hoc|x64.Build.0 = Release|Any CPU
		{B4BF59B8-C8CD-4396-8133-F40255C425F4}.Ad-Hoc|x64.Deploy.0 = Release|Any CPU
		{B4BF59B8-C8CD-4396-8133-F40255C425F4}.Ad-Hoc|x86.ActiveCfg = Release|x86
		{B4BF59B8-C8CD-4396-8133-F40255C425F4}.Ad-Hoc|x86.Build.0 = Release|x86
		{B4BF59B8-C8CD-4396-8133-F40255C425F4}.Ad-Hoc|x86.Deploy.0 = Release|x86
		{B4BF59B8-C8CD-4396-8133-F40255C425F4}.AppStore|Any CPU.ActiveCfg = Release|Any CPU
		{B4BF59B8-C8CD-4396-8133-F40255C425F4}.AppStore|Any CPU.Build.0 = Release|Any CPU
		{B4BF59B8-C8CD-4396-8133-F40255C425F4}.AppStore|Any CPU.Deploy.0 = Release|Any CPU
		{B4BF59B8-C8CD-4396-8133-F40255C425F4}.AppStore|ARM.ActiveCfg = Release|ARM
		{B4BF59B8-C8CD-4396-8133-F40255C425F4}.AppStore|ARM.Build.0 = Release|ARM
		{B4BF59B8-C8CD-4396-8133-F40255C425F4}.AppStore|ARM.Deploy.0 = Release|ARM
		{B4BF59B8-C8CD-4396-8133-F40255C425F4}.AppStore|iPhone.ActiveCfg = Release|Any CPU
		{B4BF59B8-C8CD-4396-8133-F40255C425F4}.AppStore|iPhone.Build.0 = Release|Any CPU
		{B4BF59B8-C8CD-4396-8133-F40255C425F4}.AppStore|iPhone.Deploy.0 = Release|Any CPU
		{B4BF59B8-C8CD-4396-8133-F40255C425F4}.AppStore|iPhoneSimulator.ActiveCfg = Release|Any CPU
		{B4BF59B8-C8CD-4396-8133-F40255C425F4}.AppStore|iPhoneSimulator.Build.0 = Release|Any CPU
		{B4BF59B8-C8CD-4396-8133-F40255C425F4}.AppStore|iPhoneSimulator.Deploy.0 = Release|Any CPU
		{B4BF59B8-C8CD-4396-8133-F40255C425F4}.AppStore|x64.ActiveCfg = Release|Any CPU
		{B4BF59B8-C8CD-4396-8133-F40255C425F4}.AppStore|x64.Build.0 = Release|Any CPU
		{B4BF59B8-C8CD-4396-8133-F40255C425F4}.AppStore|x64.Deploy.0 = Release|Any CPU
		{B4BF59B8-C8CD-4396-8133-F40255C425F4}.AppStore|x86.ActiveCfg = Release|x86
		{B4BF59B8-C8CD-4396-8133-F40255C425F4}.AppStore|x86.Build.0 = Release|x86
		{B4BF59B8-C8CD-4396-8133-F40255C425F4}.AppStore|x86.Deploy.0 = Release|x86
		{B4BF59B8-C8CD-4396-8133-F40255C425F4}.Debug|Any CPU.ActiveCfg = Debug|Any CPU
		{B4BF59B8-C8CD-4396-8133-F40255C425F4}.Debug|Any CPU.Build.0 = Debug|Any CPU
		{B4BF59B8-C8CD-4396-8133-F40255C425F4}.Debug|Any CPU.Deploy.0 = Debug|Any CPU
		{B4BF59B8-C8CD-4396-8133-F40255C425F4}.Debug|ARM.ActiveCfg = Debug|ARM
		{B4BF59B8-C8CD-4396-8133-F40255C425F4}.Debug|ARM.Build.0 = Debug|ARM
		{B4BF59B8-C8CD-4396-8133-F40255C425F4}.Debug|ARM.Deploy.0 = Debug|ARM
		{B4BF59B8-C8CD-4396-8133-F40255C425F4}.Debug|iPhone.ActiveCfg = Debug|Any CPU
		{B4BF59B8-C8CD-4396-8133-F40255C425F4}.Debug|iPhone.Deploy.0 = Debug|Any CPU
		{B4BF59B8-C8CD-4396-8133-F40255C425F4}.Debug|iPhoneSimulator.ActiveCfg = Debug|Any CPU
		{B4BF59B8-C8CD-4396-8133-F40255C425F4}.Debug|iPhoneSimulator.Build.0 = Debug|Any CPU
		{B4BF59B8-C8CD-4396-8133-F40255C425F4}.Debug|iPhoneSimulator.Deploy.0 = Debug|Any CPU
		{B4BF59B8-C8CD-4396-8133-F40255C425F4}.Debug|x64.ActiveCfg = Debug|Any CPU
		{B4BF59B8-C8CD-4396-8133-F40255C425F4}.Debug|x64.Build.0 = Debug|Any CPU
		{B4BF59B8-C8CD-4396-8133-F40255C425F4}.Debug|x64.Deploy.0 = Debug|Any CPU
		{B4BF59B8-C8CD-4396-8133-F40255C425F4}.Debug|x86.ActiveCfg = Debug|x86
		{B4BF59B8-C8CD-4396-8133-F40255C425F4}.Debug|x86.Build.0 = Debug|x86
		{B4BF59B8-C8CD-4396-8133-F40255C425F4}.Debug|x86.Deploy.0 = Debug|x86
		{B4BF59B8-C8CD-4396-8133-F40255C425F4}.Release|Any CPU.ActiveCfg = Release|Any CPU
		{B4BF59B8-C8CD-4396-8133-F40255C425F4}.Release|Any CPU.Build.0 = Release|Any CPU
		{B4BF59B8-C8CD-4396-8133-F40255C425F4}.Release|Any CPU.Deploy.0 = Release|Any CPU
		{B4BF59B8-C8CD-4396-8133-F40255C425F4}.Release|ARM.ActiveCfg = Release|ARM
		{B4BF59B8-C8CD-4396-8133-F40255C425F4}.Release|ARM.Build.0 = Release|ARM
		{B4BF59B8-C8CD-4396-8133-F40255C425F4}.Release|ARM.Deploy.0 = Release|ARM
		{B4BF59B8-C8CD-4396-8133-F40255C425F4}.Release|iPhone.ActiveCfg = Release|Any CPU
		{B4BF59B8-C8CD-4396-8133-F40255C425F4}.Release|iPhone.Build.0 = Release|Any CPU
		{B4BF59B8-C8CD-4396-8133-F40255C425F4}.Release|iPhone.Deploy.0 = Release|Any CPU
		{B4BF59B8-C8CD-4396-8133-F40255C425F4}.Release|iPhoneSimulator.ActiveCfg = Release|Any CPU
		{B4BF59B8-C8CD-4396-8133-F40255C425F4}.Release|iPhoneSimulator.Build.0 = Release|Any CPU
		{B4BF59B8-C8CD-4396-8133-F40255C425F4}.Release|iPhoneSimulator.Deploy.0 = Release|Any CPU
		{B4BF59B8-C8CD-4396-8133-F40255C425F4}.Release|x64.ActiveCfg = Release|Any CPU
		{B4BF59B8-C8CD-4396-8133-F40255C425F4}.Release|x64.Build.0 = Release|Any CPU
		{B4BF59B8-C8CD-4396-8133-F40255C425F4}.Release|x64.Deploy.0 = Release|Any CPU
		{B4BF59B8-C8CD-4396-8133-F40255C425F4}.Release|x86.ActiveCfg = Release|x86
		{B4BF59B8-C8CD-4396-8133-F40255C425F4}.Release|x86.Build.0 = Release|x86
		{B4BF59B8-C8CD-4396-8133-F40255C425F4}.Release|x86.Deploy.0 = Release|x86
		{175F5205-CAC1-4F28-A048-552CC07BA08B}.Ad-Hoc|Any CPU.ActiveCfg = Release|x86
		{175F5205-CAC1-4F28-A048-552CC07BA08B}.Ad-Hoc|Any CPU.Build.0 = Release|x86
		{175F5205-CAC1-4F28-A048-552CC07BA08B}.Ad-Hoc|Any CPU.Deploy.0 = Release|x86
		{175F5205-CAC1-4F28-A048-552CC07BA08B}.Ad-Hoc|ARM.ActiveCfg = Release|ARM
		{175F5205-CAC1-4F28-A048-552CC07BA08B}.Ad-Hoc|ARM.Build.0 = Release|ARM
		{175F5205-CAC1-4F28-A048-552CC07BA08B}.Ad-Hoc|ARM.Deploy.0 = Release|ARM
		{175F5205-CAC1-4F28-A048-552CC07BA08B}.Ad-Hoc|iPhone.ActiveCfg = Release|x86
		{175F5205-CAC1-4F28-A048-552CC07BA08B}.Ad-Hoc|iPhone.Build.0 = Release|x86
		{175F5205-CAC1-4F28-A048-552CC07BA08B}.Ad-Hoc|iPhone.Deploy.0 = Release|x86
		{175F5205-CAC1-4F28-A048-552CC07BA08B}.Ad-Hoc|iPhoneSimulator.ActiveCfg = Release|x86
		{175F5205-CAC1-4F28-A048-552CC07BA08B}.Ad-Hoc|iPhoneSimulator.Build.0 = Release|x86
		{175F5205-CAC1-4F28-A048-552CC07BA08B}.Ad-Hoc|iPhoneSimulator.Deploy.0 = Release|x86
		{175F5205-CAC1-4F28-A048-552CC07BA08B}.Ad-Hoc|x64.ActiveCfg = Release|x64
		{175F5205-CAC1-4F28-A048-552CC07BA08B}.Ad-Hoc|x64.Build.0 = Release|x64
		{175F5205-CAC1-4F28-A048-552CC07BA08B}.Ad-Hoc|x64.Deploy.0 = Release|x64
		{175F5205-CAC1-4F28-A048-552CC07BA08B}.Ad-Hoc|x86.ActiveCfg = Release|x86
		{175F5205-CAC1-4F28-A048-552CC07BA08B}.Ad-Hoc|x86.Build.0 = Release|x86
		{175F5205-CAC1-4F28-A048-552CC07BA08B}.Ad-Hoc|x86.Deploy.0 = Release|x86
		{175F5205-CAC1-4F28-A048-552CC07BA08B}.AppStore|Any CPU.ActiveCfg = Release|x86
		{175F5205-CAC1-4F28-A048-552CC07BA08B}.AppStore|Any CPU.Build.0 = Release|x86
		{175F5205-CAC1-4F28-A048-552CC07BA08B}.AppStore|Any CPU.Deploy.0 = Release|x86
		{175F5205-CAC1-4F28-A048-552CC07BA08B}.AppStore|ARM.ActiveCfg = Release|ARM
		{175F5205-CAC1-4F28-A048-552CC07BA08B}.AppStore|ARM.Build.0 = Release|ARM
		{175F5205-CAC1-4F28-A048-552CC07BA08B}.AppStore|ARM.Deploy.0 = Release|ARM
		{175F5205-CAC1-4F28-A048-552CC07BA08B}.AppStore|iPhone.ActiveCfg = Release|x86
		{175F5205-CAC1-4F28-A048-552CC07BA08B}.AppStore|iPhone.Build.0 = Release|x86
		{175F5205-CAC1-4F28-A048-552CC07BA08B}.AppStore|iPhone.Deploy.0 = Release|x86
		{175F5205-CAC1-4F28-A048-552CC07BA08B}.AppStore|iPhoneSimulator.ActiveCfg = Release|x86
		{175F5205-CAC1-4F28-A048-552CC07BA08B}.AppStore|iPhoneSimulator.Build.0 = Release|x86
		{175F5205-CAC1-4F28-A048-552CC07BA08B}.AppStore|iPhoneSimulator.Deploy.0 = Release|x86
		{175F5205-CAC1-4F28-A048-552CC07BA08B}.AppStore|x64.ActiveCfg = Release|x64
		{175F5205-CAC1-4F28-A048-552CC07BA08B}.AppStore|x64.Build.0 = Release|x64
		{175F5205-CAC1-4F28-A048-552CC07BA08B}.AppStore|x64.Deploy.0 = Release|x64
		{175F5205-CAC1-4F28-A048-552CC07BA08B}.AppStore|x86.ActiveCfg = Release|x86
		{175F5205-CAC1-4F28-A048-552CC07BA08B}.AppStore|x86.Build.0 = Release|x86
		{175F5205-CAC1-4F28-A048-552CC07BA08B}.AppStore|x86.Deploy.0 = Release|x86
		{175F5205-CAC1-4F28-A048-552CC07BA08B}.Debug|Any CPU.ActiveCfg = Debug|x86
		{175F5205-CAC1-4F28-A048-552CC07BA08B}.Debug|ARM.ActiveCfg = Debug|ARM
		{175F5205-CAC1-4F28-A048-552CC07BA08B}.Debug|ARM.Build.0 = Debug|ARM
		{175F5205-CAC1-4F28-A048-552CC07BA08B}.Debug|ARM.Deploy.0 = Debug|ARM
		{175F5205-CAC1-4F28-A048-552CC07BA08B}.Debug|iPhone.ActiveCfg = Debug|x86
		{175F5205-CAC1-4F28-A048-552CC07BA08B}.Debug|iPhoneSimulator.ActiveCfg = Debug|x86
		{175F5205-CAC1-4F28-A048-552CC07BA08B}.Debug|x64.ActiveCfg = Debug|x64
		{175F5205-CAC1-4F28-A048-552CC07BA08B}.Debug|x64.Build.0 = Debug|x64
		{175F5205-CAC1-4F28-A048-552CC07BA08B}.Debug|x64.Deploy.0 = Debug|x64
		{175F5205-CAC1-4F28-A048-552CC07BA08B}.Debug|x86.ActiveCfg = Debug|x86
		{175F5205-CAC1-4F28-A048-552CC07BA08B}.Debug|x86.Build.0 = Debug|x86
		{175F5205-CAC1-4F28-A048-552CC07BA08B}.Debug|x86.Deploy.0 = Debug|x86
		{175F5205-CAC1-4F28-A048-552CC07BA08B}.Release|Any CPU.ActiveCfg = Release|x86
		{175F5205-CAC1-4F28-A048-552CC07BA08B}.Release|ARM.ActiveCfg = Release|ARM
		{175F5205-CAC1-4F28-A048-552CC07BA08B}.Release|ARM.Build.0 = Release|ARM
		{175F5205-CAC1-4F28-A048-552CC07BA08B}.Release|ARM.Deploy.0 = Release|ARM
		{175F5205-CAC1-4F28-A048-552CC07BA08B}.Release|iPhone.ActiveCfg = Release|x86
		{175F5205-CAC1-4F28-A048-552CC07BA08B}.Release|iPhoneSimulator.ActiveCfg = Release|x86
		{175F5205-CAC1-4F28-A048-552CC07BA08B}.Release|x64.ActiveCfg = Release|x64
		{175F5205-CAC1-4F28-A048-552CC07BA08B}.Release|x64.Build.0 = Release|x64
		{175F5205-CAC1-4F28-A048-552CC07BA08B}.Release|x64.Deploy.0 = Release|x64
		{175F5205-CAC1-4F28-A048-552CC07BA08B}.Release|x86.ActiveCfg = Release|x86
		{175F5205-CAC1-4F28-A048-552CC07BA08B}.Release|x86.Build.0 = Release|x86
		{175F5205-CAC1-4F28-A048-552CC07BA08B}.Release|x86.Deploy.0 = Release|x86
		{118DEB73-4F94-4A3C-869E-46FAD14F2E25}.Ad-Hoc|Any CPU.ActiveCfg = Release|Any CPU
		{118DEB73-4F94-4A3C-869E-46FAD14F2E25}.Ad-Hoc|Any CPU.Build.0 = Release|Any CPU
		{118DEB73-4F94-4A3C-869E-46FAD14F2E25}.Ad-Hoc|Any CPU.Deploy.0 = Release|Any CPU
		{118DEB73-4F94-4A3C-869E-46FAD14F2E25}.Ad-Hoc|ARM.ActiveCfg = Release|ARM
		{118DEB73-4F94-4A3C-869E-46FAD14F2E25}.Ad-Hoc|ARM.Build.0 = Release|ARM
		{118DEB73-4F94-4A3C-869E-46FAD14F2E25}.Ad-Hoc|ARM.Deploy.0 = Release|ARM
		{118DEB73-4F94-4A3C-869E-46FAD14F2E25}.Ad-Hoc|iPhone.ActiveCfg = Release|Any CPU
		{118DEB73-4F94-4A3C-869E-46FAD14F2E25}.Ad-Hoc|iPhone.Build.0 = Release|Any CPU
		{118DEB73-4F94-4A3C-869E-46FAD14F2E25}.Ad-Hoc|iPhone.Deploy.0 = Release|Any CPU
		{118DEB73-4F94-4A3C-869E-46FAD14F2E25}.Ad-Hoc|iPhoneSimulator.ActiveCfg = Release|Any CPU
		{118DEB73-4F94-4A3C-869E-46FAD14F2E25}.Ad-Hoc|iPhoneSimulator.Build.0 = Release|Any CPU
		{118DEB73-4F94-4A3C-869E-46FAD14F2E25}.Ad-Hoc|iPhoneSimulator.Deploy.0 = Release|Any CPU
		{118DEB73-4F94-4A3C-869E-46FAD14F2E25}.Ad-Hoc|x64.ActiveCfg = Release|x64
		{118DEB73-4F94-4A3C-869E-46FAD14F2E25}.Ad-Hoc|x64.Build.0 = Release|x64
		{118DEB73-4F94-4A3C-869E-46FAD14F2E25}.Ad-Hoc|x64.Deploy.0 = Release|x64
		{118DEB73-4F94-4A3C-869E-46FAD14F2E25}.Ad-Hoc|x86.ActiveCfg = Release|x86
		{118DEB73-4F94-4A3C-869E-46FAD14F2E25}.Ad-Hoc|x86.Build.0 = Release|x86
		{118DEB73-4F94-4A3C-869E-46FAD14F2E25}.Ad-Hoc|x86.Deploy.0 = Release|x86
		{118DEB73-4F94-4A3C-869E-46FAD14F2E25}.AppStore|Any CPU.ActiveCfg = Release|Any CPU
		{118DEB73-4F94-4A3C-869E-46FAD14F2E25}.AppStore|Any CPU.Build.0 = Release|Any CPU
		{118DEB73-4F94-4A3C-869E-46FAD14F2E25}.AppStore|Any CPU.Deploy.0 = Release|Any CPU
		{118DEB73-4F94-4A3C-869E-46FAD14F2E25}.AppStore|ARM.ActiveCfg = Release|ARM
		{118DEB73-4F94-4A3C-869E-46FAD14F2E25}.AppStore|ARM.Build.0 = Release|ARM
		{118DEB73-4F94-4A3C-869E-46FAD14F2E25}.AppStore|ARM.Deploy.0 = Release|ARM
		{118DEB73-4F94-4A3C-869E-46FAD14F2E25}.AppStore|iPhone.ActiveCfg = Release|Any CPU
		{118DEB73-4F94-4A3C-869E-46FAD14F2E25}.AppStore|iPhone.Build.0 = Release|Any CPU
		{118DEB73-4F94-4A3C-869E-46FAD14F2E25}.AppStore|iPhone.Deploy.0 = Release|Any CPU
		{118DEB73-4F94-4A3C-869E-46FAD14F2E25}.AppStore|iPhoneSimulator.ActiveCfg = Release|Any CPU
		{118DEB73-4F94-4A3C-869E-46FAD14F2E25}.AppStore|iPhoneSimulator.Build.0 = Release|Any CPU
		{118DEB73-4F94-4A3C-869E-46FAD14F2E25}.AppStore|iPhoneSimulator.Deploy.0 = Release|Any CPU
		{118DEB73-4F94-4A3C-869E-46FAD14F2E25}.AppStore|x64.ActiveCfg = Release|x64
		{118DEB73-4F94-4A3C-869E-46FAD14F2E25}.AppStore|x64.Build.0 = Release|x64
		{118DEB73-4F94-4A3C-869E-46FAD14F2E25}.AppStore|x64.Deploy.0 = Release|x64
		{118DEB73-4F94-4A3C-869E-46FAD14F2E25}.AppStore|x86.ActiveCfg = Release|x86
		{118DEB73-4F94-4A3C-869E-46FAD14F2E25}.AppStore|x86.Build.0 = Release|x86
		{118DEB73-4F94-4A3C-869E-46FAD14F2E25}.AppStore|x86.Deploy.0 = Release|x86
		{118DEB73-4F94-4A3C-869E-46FAD14F2E25}.Debug|Any CPU.ActiveCfg = Debug|Any CPU
		{118DEB73-4F94-4A3C-869E-46FAD14F2E25}.Debug|Any CPU.Build.0 = Debug|Any CPU
		{118DEB73-4F94-4A3C-869E-46FAD14F2E25}.Debug|Any CPU.Deploy.0 = Debug|Any CPU
		{118DEB73-4F94-4A3C-869E-46FAD14F2E25}.Debug|ARM.ActiveCfg = Debug|ARM
		{118DEB73-4F94-4A3C-869E-46FAD14F2E25}.Debug|ARM.Build.0 = Debug|ARM
		{118DEB73-4F94-4A3C-869E-46FAD14F2E25}.Debug|ARM.Deploy.0 = Debug|ARM
		{118DEB73-4F94-4A3C-869E-46FAD14F2E25}.Debug|iPhone.ActiveCfg = Debug|Any CPU
		{118DEB73-4F94-4A3C-869E-46FAD14F2E25}.Debug|iPhoneSimulator.ActiveCfg = Debug|Any CPU
		{118DEB73-4F94-4A3C-869E-46FAD14F2E25}.Debug|iPhoneSimulator.Build.0 = Debug|Any CPU
		{118DEB73-4F94-4A3C-869E-46FAD14F2E25}.Debug|iPhoneSimulator.Deploy.0 = Debug|Any CPU
		{118DEB73-4F94-4A3C-869E-46FAD14F2E25}.Debug|x64.ActiveCfg = Debug|x64
		{118DEB73-4F94-4A3C-869E-46FAD14F2E25}.Debug|x64.Build.0 = Debug|x64
		{118DEB73-4F94-4A3C-869E-46FAD14F2E25}.Debug|x64.Deploy.0 = Debug|x64
		{118DEB73-4F94-4A3C-869E-46FAD14F2E25}.Debug|x86.ActiveCfg = Debug|x86
		{118DEB73-4F94-4A3C-869E-46FAD14F2E25}.Debug|x86.Build.0 = Debug|x86
		{118DEB73-4F94-4A3C-869E-46FAD14F2E25}.Debug|x86.Deploy.0 = Debug|x86
		{118DEB73-4F94-4A3C-869E-46FAD14F2E25}.Release|Any CPU.ActiveCfg = Release|Any CPU
		{118DEB73-4F94-4A3C-869E-46FAD14F2E25}.Release|Any CPU.Build.0 = Release|Any CPU
		{118DEB73-4F94-4A3C-869E-46FAD14F2E25}.Release|Any CPU.Deploy.0 = Release|Any CPU
		{118DEB73-4F94-4A3C-869E-46FAD14F2E25}.Release|ARM.ActiveCfg = Release|ARM
		{118DEB73-4F94-4A3C-869E-46FAD14F2E25}.Release|ARM.Build.0 = Release|ARM
		{118DEB73-4F94-4A3C-869E-46FAD14F2E25}.Release|ARM.Deploy.0 = Release|ARM
		{118DEB73-4F94-4A3C-869E-46FAD14F2E25}.Release|iPhone.ActiveCfg = Release|Any CPU
		{118DEB73-4F94-4A3C-869E-46FAD14F2E25}.Release|iPhone.Build.0 = Release|Any CPU
		{118DEB73-4F94-4A3C-869E-46FAD14F2E25}.Release|iPhone.Deploy.0 = Release|Any CPU
		{118DEB73-4F94-4A3C-869E-46FAD14F2E25}.Release|iPhoneSimulator.ActiveCfg = Release|Any CPU
		{118DEB73-4F94-4A3C-869E-46FAD14F2E25}.Release|iPhoneSimulator.Build.0 = Release|Any CPU
		{118DEB73-4F94-4A3C-869E-46FAD14F2E25}.Release|iPhoneSimulator.Deploy.0 = Release|Any CPU
		{118DEB73-4F94-4A3C-869E-46FAD14F2E25}.Release|x64.ActiveCfg = Release|x64
		{118DEB73-4F94-4A3C-869E-46FAD14F2E25}.Release|x64.Build.0 = Release|x64
		{118DEB73-4F94-4A3C-869E-46FAD14F2E25}.Release|x64.Deploy.0 = Release|x64
		{118DEB73-4F94-4A3C-869E-46FAD14F2E25}.Release|x86.ActiveCfg = Release|x86
		{118DEB73-4F94-4A3C-869E-46FAD14F2E25}.Release|x86.Build.0 = Release|x86
		{118DEB73-4F94-4A3C-869E-46FAD14F2E25}.Release|x86.Deploy.0 = Release|x86
	EndGlobalSection
	GlobalSection(SolutionProperties) = preSolution
		HideSolutionNode = FALSE
	EndGlobalSection
EndGlobal
